// !$*UTF8*$!
{
	archiveVersion = 1;
	classes = {
	};
	objectVersion = 50;
	objects = {

/* Begin PBXBuildFile section */
		0B5D3036ACF404A963699FDA /* Pods_CGODemoApp.framework in Frameworks */ = {isa = PBXBuildFile; fileRef = 6A4F9EAB0A7614EBE5E7FA1B /* Pods_CGODemoApp.framework */; };
		A9150E4220A4058100AA0313 /* AppDelegate.swift in Sources */ = {isa = PBXBuildFile; fileRef = A9150E4120A4058100AA0313 /* AppDelegate.swift */; };
		A9150E4720A4058100AA0313 /* Main.storyboard in Resources */ = {isa = PBXBuildFile; fileRef = A9150E4520A4058100AA0313 /* Main.storyboard */; };
		A9150E4920A4058500AA0313 /* Assets.xcassets in Resources */ = {isa = PBXBuildFile; fileRef = A9150E4820A4058500AA0313 /* Assets.xcassets */; };
		A9150E4C20A4058500AA0313 /* LaunchScreen.storyboard in Resources */ = {isa = PBXBuildFile; fileRef = A9150E4A20A4058500AA0313 /* LaunchScreen.storyboard */; };
		A9150E5D20A407C100AA0313 /* MBProgressHUD.m in Sources */ = {isa = PBXBuildFile; fileRef = A9150E5620A407C100AA0313 /* MBProgressHUD.m */; };
		A9150E5E20A407C100AA0313 /* LICENSE in Resources */ = {isa = PBXBuildFile; fileRef = A9150E5720A407C100AA0313 /* LICENSE */; };
		A9150E5F20A407C100AA0313 /* Reachability.m in Sources */ = {isa = PBXBuildFile; fileRef = A9150E5A20A407C100AA0313 /* Reachability.m */; };
		A9150E6020A407C100AA0313 /* ServiceHelper.swift in Sources */ = {isa = PBXBuildFile; fileRef = A9150E5C20A407C100AA0313 /* ServiceHelper.swift */; };
		A9150EE520A408C600AA0313 /* RUtil.swift in Sources */ = {isa = PBXBuildFile; fileRef = A9150EC320A408C600AA0313 /* RUtil.swift */; };
		A9150EE620A408C600AA0313 /* AlertController.swift in Sources */ = {isa = PBXBuildFile; fileRef = A9150EC420A408C600AA0313 /* AlertController.swift */; };
		A9150EE920A408C600AA0313 /* Debug.swift in Sources */ = {isa = PBXBuildFile; fileRef = A9150EC720A408C600AA0313 /* Debug.swift */; };
		A9150EED20A408C600AA0313 /* UIApplicationExtension.swift in Sources */ = {isa = PBXBuildFile; fileRef = A9150ECC20A408C600AA0313 /* UIApplicationExtension.swift */; };
		A9150EF520A408C600AA0313 /* GeneralExtensions.swift in Sources */ = {isa = PBXBuildFile; fileRef = A9150ED520A408C600AA0313 /* GeneralExtensions.swift */; };
		A9150EF920A408C600AA0313 /* UIWindowExtension.swift in Sources */ = {isa = PBXBuildFile; fileRef = A9150ED920A408C600AA0313 /* UIWindowExtension.swift */; };
		A9150F0720A40C9800AA0313 /* CGImageCollectionVC.swift in Sources */ = {isa = PBXBuildFile; fileRef = A9150F0620A40C9800AA0313 /* CGImageCollectionVC.swift */; };
		A9150F0920A40D5200AA0313 /* CGImageCollectionViewCell.swift in Sources */ = {isa = PBXBuildFile; fileRef = A9150F0820A40D5200AA0313 /* CGImageCollectionViewCell.swift */; };
		A9150F1120A421D700AA0313 /* CGPreviewDataVC.swift in Sources */ = {isa = PBXBuildFile; fileRef = A9150F1020A421D700AA0313 /* CGPreviewDataVC.swift */; };
		A9150F6820A473CF00AA0313 /* placeholder_1.png in Resources */ = {isa = PBXBuildFile; fileRef = A9150F6720A473CF00AA0313 /* placeholder_1.png */; };
		A9150F6C20A47B7900AA0313 /* CGImageModal.swift in Sources */ = {isa = PBXBuildFile; fileRef = A9150F6A20A47B7900AA0313 /* CGImageModal.swift */; };
		A9150F6D20A47B7900AA0313 /* CGCollectionModal.swift in Sources */ = {isa = PBXBuildFile; fileRef = A9150F6B20A47B7900AA0313 /* CGCollectionModal.swift */; };
/* End PBXBuildFile section */

/* Begin PBXFileReference section */
		18ECF61E6B7D81E60685240C /* Pods-CGODemoApp.release.xcconfig */ = {isa = PBXFileReference; includeInIndex = 1; lastKnownFileType = text.xcconfig; name = "Pods-CGODemoApp.release.xcconfig"; path = "Pods/Target Support Files/Pods-CGODemoApp/Pods-CGODemoApp.release.xcconfig"; sourceTree = "<group>"; };
		56553CCC8D22950603E43AFB /* Pods-CGODemoApp.debug.xcconfig */ = {isa = PBXFileReference; includeInIndex = 1; lastKnownFileType = text.xcconfig; name = "Pods-CGODemoApp.debug.xcconfig"; path = "Pods/Target Support Files/Pods-CGODemoApp/Pods-CGODemoApp.debug.xcconfig"; sourceTree = "<group>"; };
		6A4F9EAB0A7614EBE5E7FA1B /* Pods_CGODemoApp.framework */ = {isa = PBXFileReference; explicitFileType = wrapper.framework; includeInIndex = 0; path = Pods_CGODemoApp.framework; sourceTree = BUILT_PRODUCTS_DIR; };
		A9150E3E20A4058100AA0313 /* CGODemoApp.app */ = {isa = PBXFileReference; explicitFileType = wrapper.application; includeInIndex = 0; path = CGODemoApp.app; sourceTree = BUILT_PRODUCTS_DIR; };
		A9150E4120A4058100AA0313 /* AppDelegate.swift */ = {isa = PBXFileReference; lastKnownFileType = sourcecode.swift; path = AppDelegate.swift; sourceTree = "<group>"; };
		A9150E4620A4058100AA0313 /* Base */ = {isa = PBXFileReference; lastKnownFileType = file.storyboard; name = Base; path = Base.lproj/Main.storyboard; sourceTree = "<group>"; };
		A9150E4820A4058500AA0313 /* Assets.xcassets */ = {isa = PBXFileReference; lastKnownFileType = folder.assetcatalog; path = Assets.xcassets; sourceTree = "<group>"; };
		A9150E4B20A4058500AA0313 /* Base */ = {isa = PBXFileReference; lastKnownFileType = file.storyboard; name = Base; path = Base.lproj/LaunchScreen.storyboard; sourceTree = "<group>"; };
		A9150E4D20A4058500AA0313 /* Info.plist */ = {isa = PBXFileReference; lastKnownFileType = text.plist.xml; path = Info.plist; sourceTree = "<group>"; };
		A9150E5320A4069500AA0313 /* CGODemo_Bridging_Header.h */ = {isa = PBXFileReference; lastKnownFileType = sourcecode.c.h; path = CGODemo_Bridging_Header.h; sourceTree = "<group>"; };
		A9150E5620A407C100AA0313 /* MBProgressHUD.m */ = {isa = PBXFileReference; fileEncoding = 4; lastKnownFileType = sourcecode.c.objc; path = MBProgressHUD.m; sourceTree = "<group>"; };
		A9150E5720A407C100AA0313 /* LICENSE */ = {isa = PBXFileReference; fileEncoding = 4; lastKnownFileType = text; path = LICENSE; sourceTree = "<group>"; };
		A9150E5820A407C100AA0313 /* MBProgressHUD.h */ = {isa = PBXFileReference; fileEncoding = 4; lastKnownFileType = sourcecode.c.h; path = MBProgressHUD.h; sourceTree = "<group>"; };
		A9150E5A20A407C100AA0313 /* Reachability.m */ = {isa = PBXFileReference; fileEncoding = 4; lastKnownFileType = sourcecode.c.objc; path = Reachability.m; sourceTree = "<group>"; };
		A9150E5B20A407C100AA0313 /* Reachability.h */ = {isa = PBXFileReference; fileEncoding = 4; lastKnownFileType = sourcecode.c.h; path = Reachability.h; sourceTree = "<group>"; };
		A9150E5C20A407C100AA0313 /* ServiceHelper.swift */ = {isa = PBXFileReference; fileEncoding = 4; lastKnownFileType = sourcecode.swift; path = ServiceHelper.swift; sourceTree = "<group>"; };
		A9150EC320A408C600AA0313 /* RUtil.swift */ = {isa = PBXFileReference; fileEncoding = 4; lastKnownFileType = sourcecode.swift; path = RUtil.swift; sourceTree = "<group>"; };
		A9150EC420A408C600AA0313 /* AlertController.swift */ = {isa = PBXFileReference; fileEncoding = 4; lastKnownFileType = sourcecode.swift; path = AlertController.swift; sourceTree = "<group>"; };
		A9150EC720A408C600AA0313 /* Debug.swift */ = {isa = PBXFileReference; fileEncoding = 4; lastKnownFileType = sourcecode.swift; path = Debug.swift; sourceTree = "<group>"; };
		A9150ECC20A408C600AA0313 /* UIApplicationExtension.swift */ = {isa = PBXFileReference; fileEncoding = 4; lastKnownFileType = sourcecode.swift; path = UIApplicationExtension.swift; sourceTree = "<group>"; };
		A9150ED520A408C600AA0313 /* GeneralExtensions.swift */ = {isa = PBXFileReference; fileEncoding = 4; lastKnownFileType = sourcecode.swift; path = GeneralExtensions.swift; sourceTree = "<group>"; };
		A9150ED920A408C600AA0313 /* UIWindowExtension.swift */ = {isa = PBXFileReference; fileEncoding = 4; lastKnownFileType = sourcecode.swift; path = UIWindowExtension.swift; sourceTree = "<group>"; };
		A9150F0620A40C9800AA0313 /* CGImageCollectionVC.swift */ = {isa = PBXFileReference; lastKnownFileType = sourcecode.swift; path = CGImageCollectionVC.swift; sourceTree = "<group>"; };
		A9150F0820A40D5200AA0313 /* CGImageCollectionViewCell.swift */ = {isa = PBXFileReference; lastKnownFileType = sourcecode.swift; path = CGImageCollectionViewCell.swift; sourceTree = "<group>"; };
		A9150F1020A421D700AA0313 /* CGPreviewDataVC.swift */ = {isa = PBXFileReference; lastKnownFileType = sourcecode.swift; path = CGPreviewDataVC.swift; sourceTree = "<group>"; };
		A9150F6720A473CF00AA0313 /* placeholder_1.png */ = {isa = PBXFileReference; lastKnownFileType = image.png; path = placeholder_1.png; sourceTree = "<group>"; };
		A9150F6A20A47B7900AA0313 /* CGImageModal.swift */ = {isa = PBXFileReference; fileEncoding = 4; lastKnownFileType = sourcecode.swift; path = CGImageModal.swift; sourceTree = "<group>"; };
		A9150F6B20A47B7900AA0313 /* CGCollectionModal.swift */ = {isa = PBXFileReference; fileEncoding = 4; lastKnownFileType = sourcecode.swift; path = CGCollectionModal.swift; sourceTree = "<group>"; };
/* End PBXFileReference section */

/* Begin PBXFrameworksBuildPhase section */
		A9150E3B20A4058100AA0313 /* Frameworks */ = {
			isa = PBXFrameworksBuildPhase;
			buildActionMask = 2147483647;
			files = (
				0B5D3036ACF404A963699FDA /* Pods_CGODemoApp.framework in Frameworks */,
			);
			runOnlyForDeploymentPostprocessing = 0;
		};
/* End PBXFrameworksBuildPhase section */

/* Begin PBXGroup section */
		07620CDE17C6101A2697A5D1 /* Frameworks */ = {
			isa = PBXGroup;
			children = (
				6A4F9EAB0A7614EBE5E7FA1B /* Pods_CGODemoApp.framework */,
			);
			name = Frameworks;
			sourceTree = "<group>";
		};
		3586810E5C7C5C5148EE0108 /* Pods */ = {
			isa = PBXGroup;
			children = (
				56553CCC8D22950603E43AFB /* Pods-CGODemoApp.debug.xcconfig */,
				18ECF61E6B7D81E60685240C /* Pods-CGODemoApp.release.xcconfig */,
			);
			name = Pods;
			sourceTree = "<group>";
		};
		A9150E3520A4058100AA0313 = {
			isa = PBXGroup;
			children = (
				A9150E4020A4058100AA0313 /* CGODemoApp */,
				A9150E3F20A4058100AA0313 /* Products */,
				3586810E5C7C5C5148EE0108 /* Pods */,
				07620CDE17C6101A2697A5D1 /* Frameworks */,
			);
			sourceTree = "<group>";
		};
		A9150E3F20A4058100AA0313 /* Products */ = {
			isa = PBXGroup;
			children = (
				A9150E3E20A4058100AA0313 /* CGODemoApp.app */,
			);
			name = Products;
			sourceTree = "<group>";
		};
		A9150E4020A4058100AA0313 /* CGODemoApp */ = {
			isa = PBXGroup;
			children = (
				A9150F6920A47B7900AA0313 /* Modals */,
				A9150E5420A407C100AA0313 /* WebApiClasses */,
				A9150F0320A4097400AA0313 /* Artwork */,
				A9150ECA20A408C600AA0313 /* Extensions */,
				A9150E6F20A4082000AA0313 /* CustomCells */,
				A9150EC020A408C600AA0313 /* Utils */,
				A9150EDB20A408C600AA0313 /* ViewControllers */,
				A9150E4120A4058100AA0313 /* AppDelegate.swift */,
				A9150E4820A4058500AA0313 /* Assets.xcassets */,
				A9150F0020A408FA00AA0313 /* Storyboards */,
				A9150E4D20A4058500AA0313 /* Info.plist */,
				A9150E5320A4069500AA0313 /* CGODemo_Bridging_Header.h */,
			);
			path = CGODemoApp;
			sourceTree = "<group>";
		};
		A9150E5420A407C100AA0313 /* WebApiClasses */ = {
			isa = PBXGroup;
			children = (
				A9150E5520A407C100AA0313 /* MBProgressHUD */,
				A9150E5C20A407C100AA0313 /* ServiceHelper.swift */,
			);
			path = WebApiClasses;
			sourceTree = "<group>";
		};
		A9150E5520A407C100AA0313 /* MBProgressHUD */ = {
			isa = PBXGroup;
			children = (
				A9150E5620A407C100AA0313 /* MBProgressHUD.m */,
				A9150E5720A407C100AA0313 /* LICENSE */,
				A9150E5820A407C100AA0313 /* MBProgressHUD.h */,
				A9150E5920A407C100AA0313 /* Reachability */,
			);
			path = MBProgressHUD;
			sourceTree = "<group>";
		};
		A9150E5920A407C100AA0313 /* Reachability */ = {
			isa = PBXGroup;
			children = (
				A9150E5A20A407C100AA0313 /* Reachability.m */,
				A9150E5B20A407C100AA0313 /* Reachability.h */,
			);
			path = Reachability;
			sourceTree = "<group>";
		};
		A9150E6F20A4082000AA0313 /* CustomCells */ = {
			isa = PBXGroup;
			children = (
				A9150E7020A4082000AA0313 /* CollectionViewCells */,
			);
			path = CustomCells;
			sourceTree = "<group>";
		};
		A9150E7020A4082000AA0313 /* CollectionViewCells */ = {
			isa = PBXGroup;
			children = (
				A9150F0820A40D5200AA0313 /* CGImageCollectionViewCell.swift */,
			);
			path = CollectionViewCells;
			sourceTree = "<group>";
		};
		A9150EC020A408C600AA0313 /* Utils */ = {
			isa = PBXGroup;
			children = (
				A9150EC320A408C600AA0313 /* RUtil.swift */,
				A9150EC420A408C600AA0313 /* AlertController.swift */,
				A9150EC720A408C600AA0313 /* Debug.swift */,
			);
			path = Utils;
			sourceTree = "<group>";
		};
		A9150ECA20A408C600AA0313 /* Extensions */ = {
			isa = PBXGroup;
			children = (
				A9150ECC20A408C600AA0313 /* UIApplicationExtension.swift */,
				A9150ED520A408C600AA0313 /* GeneralExtensions.swift */,
				A9150ED920A408C600AA0313 /* UIWindowExtension.swift */,
			);
			path = Extensions;
			sourceTree = "<group>";
		};
		A9150EDB20A408C600AA0313 /* ViewControllers */ = {
			isa = PBXGroup;
			children = (
				A9150F0620A40C9800AA0313 /* CGImageCollectionVC.swift */,
				A9150F1020A421D700AA0313 /* CGPreviewDataVC.swift */,
			);
			path = ViewControllers;
			sourceTree = "<group>";
		};
		A9150F0020A408FA00AA0313 /* Storyboards */ = {
			isa = PBXGroup;
			children = (
				A9150E4A20A4058500AA0313 /* LaunchScreen.storyboard */,
				A9150E4520A4058100AA0313 /* Main.storyboard */,
			);
			path = Storyboards;
			sourceTree = "<group>";
		};
		A9150F0320A4097400AA0313 /* Artwork */ = {
			isa = PBXGroup;
			children = (
				A9150F6720A473CF00AA0313 /* placeholder_1.png */,
			);
			path = Artwork;
			sourceTree = "<group>";
		};
		A9150F6920A47B7900AA0313 /* Modals */ = {
			isa = PBXGroup;
			children = (
				A9150F6A20A47B7900AA0313 /* CGImageModal.swift */,
				A9150F6B20A47B7900AA0313 /* CGCollectionModal.swift */,
			);
			path = Modals;
			sourceTree = "<group>";
		};
/* End PBXGroup section */

/* Begin PBXNativeTarget section */
		A9150E3D20A4058100AA0313 /* CGODemoApp */ = {
			isa = PBXNativeTarget;
			buildConfigurationList = A9150E5020A4058500AA0313 /* Build configuration list for PBXNativeTarget "CGODemoApp" */;
			buildPhases = (
				E59D01471D314C6117F59147 /* [CP] Check Pods Manifest.lock */,
				A9150E3A20A4058100AA0313 /* Sources */,
				A9150E3B20A4058100AA0313 /* Frameworks */,
				A9150E3C20A4058100AA0313 /* Resources */,
				A6B16C0B4D80994D9A94082F /* [CP] Embed Pods Frameworks */,
			);
			buildRules = (
			);
			dependencies = (
			);
			name = CGODemoApp;
			productName = CGODemoApp;
			productReference = A9150E3E20A4058100AA0313 /* CGODemoApp.app */;
			productType = "com.apple.product-type.application";
		};
/* End PBXNativeTarget section */

/* Begin PBXProject section */
		A9150E3620A4058100AA0313 /* Project object */ = {
			isa = PBXProject;
			attributes = {
				CLASSPREFIX = CG;
				LastSwiftUpdateCheck = 0930;
				LastUpgradeCheck = 0930;
				ORGANIZATIONNAME = rajkumar.sharma;
				TargetAttributes = {
					A9150E3D20A4058100AA0313 = {
						CreatedOnToolsVersion = 9.3;
					};
				};
			};
			buildConfigurationList = A9150E3920A4058100AA0313 /* Build configuration list for PBXProject "CGODemoApp" */;
			compatibilityVersion = "Xcode 9.3";
			developmentRegion = en;
			hasScannedForEncodings = 0;
			knownRegions = (
				en,
				Base,
			);
			mainGroup = A9150E3520A4058100AA0313;
			productRefGroup = A9150E3F20A4058100AA0313 /* Products */;
			projectDirPath = "";
			projectRoot = "";
			targets = (
				A9150E3D20A4058100AA0313 /* CGODemoApp */,
			);
		};
/* End PBXProject section */

/* Begin PBXResourcesBuildPhase section */
		A9150E3C20A4058100AA0313 /* Resources */ = {
			isa = PBXResourcesBuildPhase;
			buildActionMask = 2147483647;
			files = (
				A9150E4C20A4058500AA0313 /* LaunchScreen.storyboard in Resources */,
				A9150E4920A4058500AA0313 /* Assets.xcassets in Resources */,
				A9150F6820A473CF00AA0313 /* placeholder_1.png in Resources */,
				A9150E5E20A407C100AA0313 /* LICENSE in Resources */,
				A9150E4720A4058100AA0313 /* Main.storyboard in Resources */,
			);
			runOnlyForDeploymentPostprocessing = 0;
		};
/* End PBXResourcesBuildPhase section */

/* Begin PBXShellScriptBuildPhase section */
		A6B16C0B4D80994D9A94082F /* [CP] Embed Pods Frameworks */ = {
			isa = PBXShellScriptBuildPhase;
			buildActionMask = 2147483647;
			files = (
			);
			inputPaths = (
				"${SRCROOT}/Pods/Target Support Files/Pods-CGODemoApp/Pods-CGODemoApp-frameworks.sh",
				"${BUILT_PRODUCTS_DIR}/SDWebImage/SDWebImage.framework",
			);
			name = "[CP] Embed Pods Frameworks";
			outputPaths = (
				"${TARGET_BUILD_DIR}/${FRAMEWORKS_FOLDER_PATH}/SDWebImage.framework",
			);
			runOnlyForDeploymentPostprocessing = 0;
			shellPath = /bin/sh;
			shellScript = "\"${SRCROOT}/Pods/Target Support Files/Pods-CGODemoApp/Pods-CGODemoApp-frameworks.sh\"\n";
			showEnvVarsInLog = 0;
		};
		E59D01471D314C6117F59147 /* [CP] Check Pods Manifest.lock */ = {
			isa = PBXShellScriptBuildPhase;
			buildActionMask = 2147483647;
			files = (
			);
			inputPaths = (
				"${PODS_PODFILE_DIR_PATH}/Podfile.lock",
				"${PODS_ROOT}/Manifest.lock",
			);
			name = "[CP] Check Pods Manifest.lock";
			outputPaths = (
				"$(DERIVED_FILE_DIR)/Pods-CGODemoApp-checkManifestLockResult.txt",
			);
			runOnlyForDeploymentPostprocessing = 0;
			shellPath = /bin/sh;
			shellScript = "diff \"${PODS_PODFILE_DIR_PATH}/Podfile.lock\" \"${PODS_ROOT}/Manifest.lock\" > /dev/null\nif [ $? != 0 ] ; then\n    # print error to STDERR\n    echo \"error: The sandbox is not in sync with the Podfile.lock. Run 'pod install' or update your CocoaPods installation.\" >&2\n    exit 1\nfi\n# This output is used by Xcode 'outputs' to avoid re-running this script phase.\necho \"SUCCESS\" > \"${SCRIPT_OUTPUT_FILE_0}\"\n";
			showEnvVarsInLog = 0;
		};
/* End PBXShellScriptBuildPhase section */

/* Begin PBXSourcesBuildPhase section */
		A9150E3A20A4058100AA0313 /* Sources */ = {
			isa = PBXSourcesBuildPhase;
			buildActionMask = 2147483647;
			files = (
				A9150EF520A408C600AA0313 /* GeneralExtensions.swift in Sources */,
				A9150F0720A40C9800AA0313 /* CGImageCollectionVC.swift in Sources */,
				A9150EE920A408C600AA0313 /* Debug.swift in Sources */,
				A9150E6020A407C100AA0313 /* ServiceHelper.swift in Sources */,
				A9150F1120A421D700AA0313 /* CGPreviewDataVC.swift in Sources */,
				A9150EE620A408C600AA0313 /* AlertController.swift in Sources */,
				A9150F0920A40D5200AA0313 /* CGImageCollectionViewCell.swift in Sources */,
				A9150E5D20A407C100AA0313 /* MBProgressHUD.m in Sources */,
				A9150F6D20A47B7900AA0313 /* CGCollectionModal.swift in Sources */,
				A9150E5F20A407C100AA0313 /* Reachability.m in Sources */,
				A9150F6C20A47B7900AA0313 /* CGImageModal.swift in Sources */,
				A9150EED20A408C600AA0313 /* UIApplicationExtension.swift in Sources */,
				A9150EE520A408C600AA0313 /* RUtil.swift in Sources */,
				A9150E4220A4058100AA0313 /* AppDelegate.swift in Sources */,
				A9150EF920A408C600AA0313 /* UIWindowExtension.swift in Sources */,
			);
			runOnlyForDeploymentPostprocessing = 0;
		};
/* End PBXSourcesBuildPhase section */

/* Begin PBXVariantGroup section */
		A9150E4520A4058100AA0313 /* Main.storyboard */ = {
			isa = PBXVariantGroup;
			children = (
				A9150E4620A4058100AA0313 /* Base */,
			);
			name = Main.storyboard;
			sourceTree = "<group>";
		};
		A9150E4A20A4058500AA0313 /* LaunchScreen.storyboard */ = {
			isa = PBXVariantGroup;
			children = (
				A9150E4B20A4058500AA0313 /* Base */,
			);
			name = LaunchScreen.storyboard;
			sourceTree = "<group>";
		};
/* End PBXVariantGroup section */

/* Begin XCBuildConfiguration section */
		A9150E4E20A4058500AA0313 /* Debug */ = {
			isa = XCBuildConfiguration;
			buildSettings = {
				ALWAYS_SEARCH_USER_PATHS = NO;
				CLANG_ANALYZER_NONNULL = YES;
				CLANG_ANALYZER_NUMBER_OBJECT_CONVERSION = YES_AGGRESSIVE;
				CLANG_CXX_LANGUAGE_STANDARD = "gnu++14";
				CLANG_CXX_LIBRARY = "libc++";
				CLANG_ENABLE_MODULES = YES;
				CLANG_ENABLE_OBJC_ARC = YES;
				CLANG_ENABLE_OBJC_WEAK = YES;
				CLANG_WARN_BLOCK_CAPTURE_AUTORELEASING = YES;
				CLANG_WARN_BOOL_CONVERSION = YES;
				CLANG_WARN_COMMA = YES;
				CLANG_WARN_CONSTANT_CONVERSION = YES;
				CLANG_WARN_DEPRECATED_OBJC_IMPLEMENTATIONS = YES;
				CLANG_WARN_DIRECT_OBJC_ISA_USAGE = YES_ERROR;
				CLANG_WARN_DOCUMENTATION_COMMENTS = YES;
				CLANG_WARN_EMPTY_BODY = YES;
				CLANG_WARN_ENUM_CONVERSION = YES;
				CLANG_WARN_INFINITE_RECURSION = YES;
				CLANG_WARN_INT_CONVERSION = YES;
				CLANG_WARN_NON_LITERAL_NULL_CONVERSION = YES;
				CLANG_WARN_OBJC_IMPLICIT_RETAIN_SELF = YES;
				CLANG_WARN_OBJC_LITERAL_CONVERSION = YES;
				CLANG_WARN_OBJC_ROOT_CLASS = YES_ERROR;
				CLANG_WARN_RANGE_LOOP_ANALYSIS = YES;
				CLANG_WARN_STRICT_PROTOTYPES = YES;
				CLANG_WARN_SUSPICIOUS_MOVE = YES;
				CLANG_WARN_UNGUARDED_AVAILABILITY = YES_AGGRESSIVE;
				CLANG_WARN_UNREACHABLE_CODE = YES;
				CLANG_WARN__DUPLICATE_METHOD_MATCH = YES;
				CODE_SIGN_IDENTITY = "iPhone Developer";
				COPY_PHASE_STRIP = NO;
				DEBUG_INFORMATION_FORMAT = dwarf;
				ENABLE_STRICT_OBJC_MSGSEND = YES;
				ENABLE_TESTABILITY = YES;
				GCC_C_LANGUAGE_STANDARD = gnu11;
				GCC_DYNAMIC_NO_PIC = NO;
				GCC_NO_COMMON_BLOCKS = YES;
				GCC_OPTIMIZATION_LEVEL = 0;
				GCC_PREPROCESSOR_DEFINITIONS = (
					"DEBUG=1",
					"$(inherited)",
				);
				GCC_WARN_64_TO_32_BIT_CONVERSION = YES;
				GCC_WARN_ABOUT_RETURN_TYPE = YES_ERROR;
				GCC_WARN_UNDECLARED_SELECTOR = YES;
				GCC_WARN_UNINITIALIZED_AUTOS = YES_AGGRESSIVE;
				GCC_WARN_UNUSED_FUNCTION = YES;
				GCC_WARN_UNUSED_VARIABLE = YES;
				IPHONEOS_DEPLOYMENT_TARGET = 11.3;
				MTL_ENABLE_DEBUG_INFO = YES;
				ONLY_ACTIVE_ARCH = YES;
				SDKROOT = iphoneos;
				SWIFT_ACTIVE_COMPILATION_CONDITIONS = DEBUG;
				SWIFT_OPTIMIZATION_LEVEL = "-Onone";
			};
			name = Debug;
		};
		A9150E4F20A4058500AA0313 /* Release */ = {
			isa = XCBuildConfiguration;
			buildSettings = {
				ALWAYS_SEARCH_USER_PATHS = NO;
				CLANG_ANALYZER_NONNULL = YES;
				CLANG_ANALYZER_NUMBER_OBJECT_CONVERSION = YES_AGGRESSIVE;
				CLANG_CXX_LANGUAGE_STANDARD = "gnu++14";
				CLANG_CXX_LIBRARY = "libc++";
				CLANG_ENABLE_MODULES = YES;
				CLANG_ENABLE_OBJC_ARC = YES;
				CLANG_ENABLE_OBJC_WEAK = YES;
				CLANG_WARN_BLOCK_CAPTURE_AUTORELEASING = YES;
				CLANG_WARN_BOOL_CONVERSION = YES;
				CLANG_WARN_COMMA = YES;
				CLANG_WARN_CONSTANT_CONVERSION = YES;
				CLANG_WARN_DEPRECATED_OBJC_IMPLEMENTATIONS = YES;
				CLANG_WARN_DIRECT_OBJC_ISA_USAGE = YES_ERROR;
				CLANG_WARN_DOCUMENTATION_COMMENTS = YES;
				CLANG_WARN_EMPTY_BODY = YES;
				CLANG_WARN_ENUM_CONVERSION = YES;
				CLANG_WARN_INFINITE_RECURSION = YES;
				CLANG_WARN_INT_CONVERSION = YES;
				CLANG_WARN_NON_LITERAL_NULL_CONVERSION = YES;
				CLANG_WARN_OBJC_IMPLICIT_RETAIN_SELF = YES;
				CLANG_WARN_OBJC_LITERAL_CONVERSION = YES;
				CLANG_WARN_OBJC_ROOT_CLASS = YES_ERROR;
				CLANG_WARN_RANGE_LOOP_ANALYSIS = YES;
				CLANG_WARN_STRICT_PROTOTYPES = YES;
				CLANG_WARN_SUSPICIOUS_MOVE = YES;
				CLANG_WARN_UNGUARDED_AVAILABILITY = YES_AGGRESSIVE;
				CLANG_WARN_UNREACHABLE_CODE = YES;
				CLANG_WARN__DUPLICATE_METHOD_MATCH = YES;
				CODE_SIGN_IDENTITY = "iPhone Developer";
				COPY_PHASE_STRIP = NO;
				DEBUG_INFORMATION_FORMAT = "dwarf-with-dsym";
				ENABLE_NS_ASSERTIONS = NO;
				ENABLE_STRICT_OBJC_MSGSEND = YES;
				GCC_C_LANGUAGE_STANDARD = gnu11;
				GCC_NO_COMMON_BLOCKS = YES;
				GCC_WARN_64_TO_32_BIT_CONVERSION = YES;
				GCC_WARN_ABOUT_RETURN_TYPE = YES_ERROR;
				GCC_WARN_UNDECLARED_SELECTOR = YES;
				GCC_WARN_UNINITIALIZED_AUTOS = YES_AGGRESSIVE;
				GCC_WARN_UNUSED_FUNCTION = YES;
				GCC_WARN_UNUSED_VARIABLE = YES;
				IPHONEOS_DEPLOYMENT_TARGET = 11.3;
				MTL_ENABLE_DEBUG_INFO = NO;
				SDKROOT = iphoneos;
				SWIFT_COMPILATION_MODE = wholemodule;
				SWIFT_OPTIMIZATION_LEVEL = "-O";
				VALIDATE_PRODUCT = YES;
			};
			name = Release;
		};
		A9150E5120A4058500AA0313 /* Debug */ = {
			isa = XCBuildConfiguration;
			baseConfigurationReference = 56553CCC8D22950603E43AFB /* Pods-CGODemoApp.debug.xcconfig */;
			buildSettings = {
				ASSETCATALOG_COMPILER_APPICON_NAME = AppIcon;
				CODE_SIGN_IDENTITY = "iPhone Developer";
				CODE_SIGN_STYLE = Automatic;
				DEVELOPMENT_TEAM = "";
				INFOPLIST_FILE = CGODemoApp/Info.plist;
				IPHONEOS_DEPLOYMENT_TARGET = 8.0;
				LD_RUNPATH_SEARCH_PATHS = (
					"$(inherited)",
					"@executable_path/Frameworks",
				);
				PRODUCT_BUNDLE_IDENTIFIER = Srijan.CGODemoApp;
				PRODUCT_NAME = "$(TARGET_NAME)";
				PROVISIONING_PROFILE_SPECIFIER = "";
				SWIFT_OBJC_BRIDGING_HEADER = CGODemoApp/CGODemo_Bridging_Header.h;
				SWIFT_VERSION = 4.0;
				TARGETED_DEVICE_FAMILY = "1,2";
			};
			name = Debug;
		};
		A9150E5220A4058500AA0313 /* Release */ = {
			isa = XCBuildConfiguration;
			baseConfigurationReference = 18ECF61E6B7D81E60685240C /* Pods-CGODemoApp.release.xcconfig */;
			buildSettings = {
				ASSETCATALOG_COMPILER_APPICON_NAME = AppIcon;
				CODE_SIGN_IDENTITY = "iPhone Developer";
				CODE_SIGN_STYLE = Automatic;
				DEVELOPMENT_TEAM = "";
				INFOPLIST_FILE = CGODemoApp/Info.plist;
				IPHONEOS_DEPLOYMENT_TARGET = 8.0;
				LD_RUNPATH_SEARCH_PATHS = (
					"$(inherited)",
					"@executable_path/Frameworks",
				);
				PRODUCT_BUNDLE_IDENTIFIER = Srijan.CGODemoApp;
				PRODUCT_NAME = "$(TARGET_NAME)";
				PROVISIONING_PROFILE_SPECIFIER = "";
				SWIFT_OBJC_BRIDGING_HEADER = CGODemoApp/CGODemo_Bridging_Header.h;
				SWIFT_VERSION = 4.0;
				TARGETED_DEVICE_FAMILY = "1,2";
			};
			name = Release;
		};
/* End XCBuildConfiguration section */

/* Begin XCConfigurationList section */
		A9150E3920A4058100AA0313 /* Build configuration list for PBXProject "CGODemoApp" */ = {
			isa = XCConfigurationList;
			buildConfigurations = (
				A9150E4E20A4058500AA0313 /* Debug */,
				A9150E4F20A4058500AA0313 /* Release */,
			);
			defaultConfigurationIsVisible = 0;
			defaultConfigurationName = Release;
		};
		A9150E5020A4058500AA0313 /* Build configuration list for PBXNativeTarget "CGODemoApp" */ = {
			isa = XCConfigurationList;
			buildConfigurations = (
				A9150E5120A4058500AA0313 /* Debug */,
				A9150E5220A4058500AA0313 /* Release */,
			);
			defaultConfigurationIsVisible = 0;
			defaultConfigurationName = Release;
		};
/* End XCConfigurationList section */
	};
	rootObject = A9150E3620A4058100AA0313 /* Project object */;
}
